// !$*UTF8*$!
{
	archiveVersion = 1;
	classes = {
	};
	objectVersion = 50;
	objects = {

/* Begin PBXBuildFile section */
		171461C124C6D4D3005F1702 /* AppDelegate.swift in Sources */ = {isa = PBXBuildFile; fileRef = 171461C024C6D4D3005F1702 /* AppDelegate.swift */; };
		171461C324C6D4D3005F1702 /* ViewController.swift in Sources */ = {isa = PBXBuildFile; fileRef = 171461C224C6D4D3005F1702 /* ViewController.swift */; };
		171461C524C6D4D6005F1702 /* Assets.xcassets in Resources */ = {isa = PBXBuildFile; fileRef = 171461C424C6D4D6005F1702 /* Assets.xcassets */; };
		171461C824C6D4D6005F1702 /* Main.storyboard in Resources */ = {isa = PBXBuildFile; fileRef = 171461C624C6D4D6005F1702 /* Main.storyboard */; };
		1717C17E24C850C400FD4F0B /* MapViewWindow.swift in Sources */ = {isa = PBXBuildFile; fileRef = 1717C17D24C850C300FD4F0B /* MapViewWindow.swift */; };
		1717C18024C850E600FD4F0B /* MapViewController.swift in Sources */ = {isa = PBXBuildFile; fileRef = 1717C17F24C850E600FD4F0B /* MapViewController.swift */; };
		172F9E5824C9854C008797FF /* MainViewWindow.swift in Sources */ = {isa = PBXBuildFile; fileRef = 172F9E5724C9854C008797FF /* MainViewWindow.swift */; };
		172F9E5A24CAC866008797FF /* ImageMerger.swift in Sources */ = {isa = PBXBuildFile; fileRef = 172F9E5924CAC866008797FF /* ImageMerger.swift */; };
		172F9E5C24CAC878008797FF /* ImageMergeKernel.metal in Sources */ = {isa = PBXBuildFile; fileRef = 172F9E5B24CAC878008797FF /* ImageMergeKernel.metal */; };
		172F9E5E24CACB56008797FF /* ImageMergeParameters.swift in Sources */ = {isa = PBXBuildFile; fileRef = 172F9E5D24CACB56008797FF /* ImageMergeParameters.swift */; };
		174FF96D24C710F10063E643 /* QueryWindow.swift in Sources */ = {isa = PBXBuildFile; fileRef = 174FF96C24C710F10063E643 /* QueryWindow.swift */; };
		174FF96F24C716660063E643 /* QueryController.swift in Sources */ = {isa = PBXBuildFile; fileRef = 174FF96E24C716660063E643 /* QueryController.swift */; };
		1764B1C424CCF8DD0069E142 /* ImageFlipper.metal in Sources */ = {isa = PBXBuildFile; fileRef = 1764B1C324CCF8DD0069E142 /* ImageFlipper.metal */; };
		1764B1C624CD108E0069E142 /* ImageFlipper.swift in Sources */ = {isa = PBXBuildFile; fileRef = 1764B1C524CD108E0069E142 /* ImageFlipper.swift */; };
		1764B1C924CD14150069E142 /* MetalLibrary.swift in Sources */ = {isa = PBXBuildFile; fileRef = 1764B1C824CD14150069E142 /* MetalLibrary.swift */; };
		1764B1CC24CD36A90069E142 /* ImageResizer.swift in Sources */ = {isa = PBXBuildFile; fileRef = 1764B1CB24CD36A90069E142 /* ImageResizer.swift */; };
		17C7593024CC057600F5C3C5 /* SolidColorKernel.metal in Sources */ = {isa = PBXBuildFile; fileRef = 17C7592F24CC057600F5C3C5 /* SolidColorKernel.metal */; };
		17C7593224CC06FE00F5C3C5 /* SolidColorParameters.swift in Sources */ = {isa = PBXBuildFile; fileRef = 17C7593124CC06FE00F5C3C5 /* SolidColorParameters.swift */; };
		17C7593424CC076B00F5C3C5 /* SolidColorImage.swift in Sources */ = {isa = PBXBuildFile; fileRef = 17C7593324CC076B00F5C3C5 /* SolidColorImage.swift */; };
/* End PBXBuildFile section */

/* Begin PBXFileReference section */
		171461BD24C6D4D3005F1702 /* NASATiles.app */ = {isa = PBXFileReference; explicitFileType = wrapper.application; includeInIndex = 0; path = NASATiles.app; sourceTree = BUILT_PRODUCTS_DIR; };
		171461C024C6D4D3005F1702 /* AppDelegate.swift */ = {isa = PBXFileReference; lastKnownFileType = sourcecode.swift; path = AppDelegate.swift; sourceTree = "<group>"; };
		171461C224C6D4D3005F1702 /* ViewController.swift */ = {isa = PBXFileReference; lastKnownFileType = sourcecode.swift; path = ViewController.swift; sourceTree = "<group>"; };
		171461C424C6D4D6005F1702 /* Assets.xcassets */ = {isa = PBXFileReference; lastKnownFileType = folder.assetcatalog; path = Assets.xcassets; sourceTree = "<group>"; };
		171461C724C6D4D6005F1702 /* Base */ = {isa = PBXFileReference; lastKnownFileType = file.storyboard; name = Base; path = Base.lproj/Main.storyboard; sourceTree = "<group>"; };
		171461C924C6D4D6005F1702 /* Info.plist */ = {isa = PBXFileReference; lastKnownFileType = text.plist.xml; path = Info.plist; sourceTree = "<group>"; };
		171461CA24C6D4D6005F1702 /* NASATiles.entitlements */ = {isa = PBXFileReference; lastKnownFileType = text.plist.entitlements; path = NASATiles.entitlements; sourceTree = "<group>"; };
		1717C17D24C850C300FD4F0B /* MapViewWindow.swift */ = {isa = PBXFileReference; lastKnownFileType = sourcecode.swift; path = MapViewWindow.swift; sourceTree = "<group>"; };
		1717C17F24C850E600FD4F0B /* MapViewController.swift */ = {isa = PBXFileReference; lastKnownFileType = sourcecode.swift; path = MapViewController.swift; sourceTree = "<group>"; };
		172F9E5724C9854C008797FF /* MainViewWindow.swift */ = {isa = PBXFileReference; lastKnownFileType = sourcecode.swift; path = MainViewWindow.swift; sourceTree = "<group>"; };
		172F9E5924CAC866008797FF /* ImageMerger.swift */ = {isa = PBXFileReference; lastKnownFileType = sourcecode.swift; path = ImageMerger.swift; sourceTree = "<group>"; };
		172F9E5B24CAC878008797FF /* ImageMergeKernel.metal */ = {isa = PBXFileReference; lastKnownFileType = sourcecode.metal; path = ImageMergeKernel.metal; sourceTree = "<group>"; };
		172F9E5D24CACB56008797FF /* ImageMergeParameters.swift */ = {isa = PBXFileReference; lastKnownFileType = sourcecode.swift; path = ImageMergeParameters.swift; sourceTree = "<group>"; };
		174FF96C24C710F10063E643 /* QueryWindow.swift */ = {isa = PBXFileReference; lastKnownFileType = sourcecode.swift; path = QueryWindow.swift; sourceTree = "<group>"; };
		174FF96E24C716660063E643 /* QueryController.swift */ = {isa = PBXFileReference; lastKnownFileType = sourcecode.swift; path = QueryController.swift; sourceTree = "<group>"; };
		1764B1C324CCF8DD0069E142 /* ImageFlipper.metal */ = {isa = PBXFileReference; lastKnownFileType = sourcecode.metal; path = ImageFlipper.metal; sourceTree = "<group>"; };
		1764B1C524CD108E0069E142 /* ImageFlipper.swift */ = {isa = PBXFileReference; lastKnownFileType = sourcecode.swift; path = ImageFlipper.swift; sourceTree = "<group>"; };
		1764B1C824CD14150069E142 /* MetalLibrary.swift */ = {isa = PBXFileReference; lastKnownFileType = sourcecode.swift; path = MetalLibrary.swift; sourceTree = "<group>"; };
		1764B1CB24CD36A90069E142 /* ImageResizer.swift */ = {isa = PBXFileReference; lastKnownFileType = sourcecode.swift; path = ImageResizer.swift; sourceTree = "<group>"; };
		17C7592F24CC057600F5C3C5 /* SolidColorKernel.metal */ = {isa = PBXFileReference; lastKnownFileType = sourcecode.metal; path = SolidColorKernel.metal; sourceTree = "<group>"; };
		17C7593124CC06FE00F5C3C5 /* SolidColorParameters.swift */ = {isa = PBXFileReference; lastKnownFileType = sourcecode.swift; path = SolidColorParameters.swift; sourceTree = "<group>"; };
		17C7593324CC076B00F5C3C5 /* SolidColorImage.swift */ = {isa = PBXFileReference; lastKnownFileType = sourcecode.swift; path = SolidColorImage.swift; sourceTree = "<group>"; };
/* End PBXFileReference section */

/* Begin PBXFrameworksBuildPhase section */
		171461BA24C6D4D3005F1702 /* Frameworks */ = {
			isa = PBXFrameworksBuildPhase;
			buildActionMask = 2147483647;
			files = (
			);
			runOnlyForDeploymentPostprocessing = 0;
		};
/* End PBXFrameworksBuildPhase section */

/* Begin PBXGroup section */
		171461B424C6D4D3005F1702 = {
			isa = PBXGroup;
			children = (
				171461BF24C6D4D3005F1702 /* NASATiles */,
				171461BE24C6D4D3005F1702 /* Products */,
			);
			sourceTree = "<group>";
		};
		171461BE24C6D4D3005F1702 /* Products */ = {
			isa = PBXGroup;
			children = (
				171461BD24C6D4D3005F1702 /* NASATiles.app */,
			);
			name = Products;
			sourceTree = "<group>";
		};
		171461BF24C6D4D3005F1702 /* NASATiles */ = {
			isa = PBXGroup;
			children = (
				171461C624C6D4D6005F1702 /* Main.storyboard */,
				171461C024C6D4D3005F1702 /* AppDelegate.swift */,
				171461C224C6D4D3005F1702 /* ViewController.swift */,
				172F9E5724C9854C008797FF /* MainViewWindow.swift */,
				1717C17D24C850C300FD4F0B /* MapViewWindow.swift */,
				1717C17F24C850E600FD4F0B /* MapViewController.swift */,
				174FF96C24C710F10063E643 /* QueryWindow.swift */,
				174FF96E24C716660063E643 /* QueryController.swift */,
				171461C424C6D4D6005F1702 /* Assets.xcassets */,
				171461C924C6D4D6005F1702 /* Info.plist */,
				171461CA24C6D4D6005F1702 /* NASATiles.entitlements */,
				17C7593524CC2A9000F5C3C5 /* Metal */,
			);
			path = NASATiles;
			sourceTree = "<group>";
		};
		1764B1C224CCF8C20069E142 /* ImageFlip */ = {
			isa = PBXGroup;
			children = (
				1764B1C324CCF8DD0069E142 /* ImageFlipper.metal */,
				1764B1C524CD108E0069E142 /* ImageFlipper.swift */,
			);
			path = ImageFlip;
			sourceTree = "<group>";
		};
		1764B1C724CD13FF0069E142 /* Common */ = {
			isa = PBXGroup;
			children = (
				1764B1C824CD14150069E142 /* MetalLibrary.swift */,
			);
			path = Common;
			sourceTree = "<group>";
		};
		1764B1CA24CD36900069E142 /* Resize */ = {
			isa = PBXGroup;
			children = (
				1764B1CB24CD36A90069E142 /* ImageResizer.swift */,
			);
			path = Resize;
			sourceTree = "<group>";
		};
		17C7593524CC2A9000F5C3C5 /* Metal */ = {
			isa = PBXGroup;
			children = (
				1764B1C724CD13FF0069E142 /* Common */,
				1764B1C224CCF8C20069E142 /* ImageFlip */,
				17C7593724CC2AA800F5C3C5 /* ImageMerge */,
				17C7593624CC2A9A00F5C3C5 /* SolidColor */,
				1764B1CA24CD36900069E142 /* Resize */,
			);
			path = Metal;
			sourceTree = "<group>";
		};
		17C7593624CC2A9A00F5C3C5 /* SolidColor */ = {
			isa = PBXGroup;
			children = (
				17C7593124CC06FE00F5C3C5 /* SolidColorParameters.swift */,
				17C7592F24CC057600F5C3C5 /* SolidColorKernel.metal */,
				17C7593324CC076B00F5C3C5 /* SolidColorImage.swift */,
			);
			path = SolidColor;
			sourceTree = "<group>";
		};
		17C7593724CC2AA800F5C3C5 /* ImageMerge */ = {
			isa = PBXGroup;
			children = (
				172F9E5D24CACB56008797FF /* ImageMergeParameters.swift */,
				172F9E5B24CAC878008797FF /* ImageMergeKernel.metal */,
				172F9E5924CAC866008797FF /* ImageMerger.swift */,
			);
			path = ImageMerge;
			sourceTree = "<group>";
		};
/* End PBXGroup section */

/* Begin PBXNativeTarget section */
		171461BC24C6D4D3005F1702 /* NASATiles */ = {
			isa = PBXNativeTarget;
			buildConfigurationList = 171461E324C6D4D6005F1702 /* Build configuration list for PBXNativeTarget "NASATiles" */;
			buildPhases = (
				171461B924C6D4D3005F1702 /* Sources */,
				171461BA24C6D4D3005F1702 /* Frameworks */,
				171461BB24C6D4D3005F1702 /* Resources */,
			);
			buildRules = (
			);
			dependencies = (
			);
			name = NASATiles;
			productName = NASATiles;
			productReference = 171461BD24C6D4D3005F1702 /* NASATiles.app */;
			productType = "com.apple.product-type.application";
		};
/* End PBXNativeTarget section */

/* Begin PBXProject section */
		171461B524C6D4D3005F1702 /* Project object */ = {
			isa = PBXProject;
			attributes = {
				LastSwiftUpdateCheck = 1200;
				LastUpgradeCheck = 1200;
				TargetAttributes = {
					171461BC24C6D4D3005F1702 = {
						CreatedOnToolsVersion = 12.0;
					};
				};
			};
			buildConfigurationList = 171461B824C6D4D3005F1702 /* Build configuration list for PBXProject "NASATiles" */;
			compatibilityVersion = "Xcode 9.3";
			developmentRegion = en;
			hasScannedForEncodings = 0;
			knownRegions = (
				en,
				Base,
			);
			mainGroup = 171461B424C6D4D3005F1702;
			productRefGroup = 171461BE24C6D4D3005F1702 /* Products */;
			projectDirPath = "";
			projectRoot = "";
			targets = (
				171461BC24C6D4D3005F1702 /* NASATiles */,
			);
		};
/* End PBXProject section */

/* Begin PBXResourcesBuildPhase section */
		171461BB24C6D4D3005F1702 /* Resources */ = {
			isa = PBXResourcesBuildPhase;
			buildActionMask = 2147483647;
			files = (
				171461C524C6D4D6005F1702 /* Assets.xcassets in Resources */,
				171461C824C6D4D6005F1702 /* Main.storyboard in Resources */,
			);
			runOnlyForDeploymentPostprocessing = 0;
		};
/* End PBXResourcesBuildPhase section */

/* Begin PBXSourcesBuildPhase section */
		171461B924C6D4D3005F1702 /* Sources */ = {
			isa = PBXSourcesBuildPhase;
			buildActionMask = 2147483647;
			files = (
				171461C324C6D4D3005F1702 /* ViewController.swift in Sources */,
				172F9E5A24CAC866008797FF /* ImageMerger.swift in Sources */,
				1717C18024C850E600FD4F0B /* MapViewController.swift in Sources */,
				17C7593224CC06FE00F5C3C5 /* SolidColorParameters.swift in Sources */,
				171461C124C6D4D3005F1702 /* AppDelegate.swift in Sources */,
				1764B1C924CD14150069E142 /* MetalLibrary.swift in Sources */,
				172F9E5E24CACB56008797FF /* ImageMergeParameters.swift in Sources */,
				17C7593424CC076B00F5C3C5 /* SolidColorImage.swift in Sources */,
				1717C17E24C850C400FD4F0B /* MapViewWindow.swift in Sources */,
				174FF96F24C716660063E643 /* QueryController.swift in Sources */,
				17C7593024CC057600F5C3C5 /* SolidColorKernel.metal in Sources */,
				1764B1C424CCF8DD0069E142 /* ImageFlipper.metal in Sources */,
				174FF96D24C710F10063E643 /* QueryWindow.swift in Sources */,
				1764B1C624CD108E0069E142 /* ImageFlipper.swift in Sources */,
				1764B1CC24CD36A90069E142 /* ImageResizer.swift in Sources */,
				172F9E5824C9854C008797FF /* MainViewWindow.swift in Sources */,
				172F9E5C24CAC878008797FF /* ImageMergeKernel.metal in Sources */,
			);
			runOnlyForDeploymentPostprocessing = 0;
		};
/* End PBXSourcesBuildPhase section */

/* Begin PBXVariantGroup section */
		171461C624C6D4D6005F1702 /* Main.storyboard */ = {
			isa = PBXVariantGroup;
			children = (
				171461C724C6D4D6005F1702 /* Base */,
			);
			name = Main.storyboard;
			sourceTree = "<group>";
		};
/* End PBXVariantGroup section */

/* Begin XCBuildConfiguration section */
		171461E124C6D4D6005F1702 /* Debug */ = {
			isa = XCBuildConfiguration;
			buildSettings = {
				ALWAYS_SEARCH_USER_PATHS = NO;
				CLANG_ANALYZER_NONNULL = YES;
				CLANG_ANALYZER_NUMBER_OBJECT_CONVERSION = YES_AGGRESSIVE;
				CLANG_CXX_LANGUAGE_STANDARD = "gnu++14";
				CLANG_CXX_LIBRARY = "libc++";
				CLANG_ENABLE_MODULES = YES;
				CLANG_ENABLE_OBJC_ARC = YES;
				CLANG_ENABLE_OBJC_WEAK = YES;
				CLANG_WARN_BLOCK_CAPTURE_AUTORELEASING = YES;
				CLANG_WARN_BOOL_CONVERSION = YES;
				CLANG_WARN_COMMA = YES;
				CLANG_WARN_CONSTANT_CONVERSION = YES;
				CLANG_WARN_DEPRECATED_OBJC_IMPLEMENTATIONS = YES;
				CLANG_WARN_DIRECT_OBJC_ISA_USAGE = YES_ERROR;
				CLANG_WARN_DOCUMENTATION_COMMENTS = YES;
				CLANG_WARN_EMPTY_BODY = YES;
				CLANG_WARN_ENUM_CONVERSION = YES;
				CLANG_WARN_INFINITE_RECURSION = YES;
				CLANG_WARN_INT_CONVERSION = YES;
				CLANG_WARN_NON_LITERAL_NULL_CONVERSION = YES;
				CLANG_WARN_OBJC_IMPLICIT_RETAIN_SELF = YES;
				CLANG_WARN_OBJC_LITERAL_CONVERSION = YES;
				CLANG_WARN_OBJC_ROOT_CLASS = YES_ERROR;
				CLANG_WARN_QUOTED_INCLUDE_IN_FRAMEWORK_HEADER = YES;
				CLANG_WARN_RANGE_LOOP_ANALYSIS = YES;
				CLANG_WARN_STRICT_PROTOTYPES = YES;
				CLANG_WARN_SUSPICIOUS_MOVE = YES;
				CLANG_WARN_UNGUARDED_AVAILABILITY = YES_AGGRESSIVE;
				CLANG_WARN_UNREACHABLE_CODE = YES;
				CLANG_WARN__DUPLICATE_METHOD_MATCH = YES;
				COPY_PHASE_STRIP = NO;
				DEBUG_INFORMATION_FORMAT = dwarf;
				ENABLE_STRICT_OBJC_MSGSEND = YES;
				ENABLE_TESTABILITY = YES;
				GCC_C_LANGUAGE_STANDARD = gnu11;
				GCC_DYNAMIC_NO_PIC = NO;
				GCC_NO_COMMON_BLOCKS = YES;
				GCC_OPTIMIZATION_LEVEL = 0;
				GCC_PREPROCESSOR_DEFINITIONS = (
					"DEBUG=1",
					"$(inherited)",
				);
				GCC_WARN_64_TO_32_BIT_CONVERSION = YES;
				GCC_WARN_ABOUT_RETURN_TYPE = YES_ERROR;
				GCC_WARN_UNDECLARED_SELECTOR = YES;
				GCC_WARN_UNINITIALIZED_AUTOS = YES_AGGRESSIVE;
				GCC_WARN_UNUSED_FUNCTION = YES;
				GCC_WARN_UNUSED_VARIABLE = YES;
				MACOSX_DEPLOYMENT_TARGET = 10.15;
				MTL_ENABLE_DEBUG_INFO = INCLUDE_SOURCE;
				MTL_FAST_MATH = YES;
				ONLY_ACTIVE_ARCH = YES;
				SDKROOT = macosx;
				SWIFT_ACTIVE_COMPILATION_CONDITIONS = DEBUG;
				SWIFT_OPTIMIZATION_LEVEL = "-Onone";
			};
			name = Debug;
		};
		171461E224C6D4D6005F1702 /* Release */ = {
			isa = XCBuildConfiguration;
			buildSettings = {
				ALWAYS_SEARCH_USER_PATHS = NO;
				CLANG_ANALYZER_NONNULL = YES;
				CLANG_ANALYZER_NUMBER_OBJECT_CONVERSION = YES_AGGRESSIVE;
				CLANG_CXX_LANGUAGE_STANDARD = "gnu++14";
				CLANG_CXX_LIBRARY = "libc++";
				CLANG_ENABLE_MODULES = YES;
				CLANG_ENABLE_OBJC_ARC = YES;
				CLANG_ENABLE_OBJC_WEAK = YES;
				CLANG_WARN_BLOCK_CAPTURE_AUTORELEASING = YES;
				CLANG_WARN_BOOL_CONVERSION = YES;
				CLANG_WARN_COMMA = YES;
				CLANG_WARN_CONSTANT_CONVERSION = YES;
				CLANG_WARN_DEPRECATED_OBJC_IMPLEMENTATIONS = YES;
				CLANG_WARN_DIRECT_OBJC_ISA_USAGE = YES_ERROR;
				CLANG_WARN_DOCUMENTATION_COMMENTS = YES;
				CLANG_WARN_EMPTY_BODY = YES;
				CLANG_WARN_ENUM_CONVERSION = YES;
				CLANG_WARN_INFINITE_RECURSION = YES;
				CLANG_WARN_INT_CONVERSION = YES;
				CLANG_WARN_NON_LITERAL_NULL_CONVERSION = YES;
				CLANG_WARN_OBJC_IMPLICIT_RETAIN_SELF = YES;
				CLANG_WARN_OBJC_LITERAL_CONVERSION = YES;
				CLANG_WARN_OBJC_ROOT_CLASS = YES_ERROR;
				CLANG_WARN_QUOTED_INCLUDE_IN_FRAMEWORK_HEADER = YES;
				CLANG_WARN_RANGE_LOOP_ANALYSIS = YES;
				CLANG_WARN_STRICT_PROTOTYPES = YES;
				CLANG_WARN_SUSPICIOUS_MOVE = YES;
				CLANG_WARN_UNGUARDED_AVAILABILITY = YES_AGGRESSIVE;
				CLANG_WARN_UNREACHABLE_CODE = YES;
				CLANG_WARN__DUPLICATE_METHOD_MATCH = YES;
				COPY_PHASE_STRIP = NO;
				DEBUG_INFORMATION_FORMAT = "dwarf-with-dsym";
				ENABLE_NS_ASSERTIONS = NO;
				ENABLE_STRICT_OBJC_MSGSEND = YES;
				GCC_C_LANGUAGE_STANDARD = gnu11;
				GCC_NO_COMMON_BLOCKS = YES;
				GCC_WARN_64_TO_32_BIT_CONVERSION = YES;
				GCC_WARN_ABOUT_RETURN_TYPE = YES_ERROR;
				GCC_WARN_UNDECLARED_SELECTOR = YES;
				GCC_WARN_UNINITIALIZED_AUTOS = YES_AGGRESSIVE;
				GCC_WARN_UNUSED_FUNCTION = YES;
				GCC_WARN_UNUSED_VARIABLE = YES;
				MACOSX_DEPLOYMENT_TARGET = 10.15;
				MTL_ENABLE_DEBUG_INFO = NO;
				MTL_FAST_MATH = YES;
				SDKROOT = macosx;
				SWIFT_COMPILATION_MODE = wholemodule;
				SWIFT_OPTIMIZATION_LEVEL = "-O";
			};
			name = Release;
		};
		171461E424C6D4D6005F1702 /* Debug */ = {
			isa = XCBuildConfiguration;
			buildSettings = {
				ASSETCATALOG_COMPILER_APPICON_NAME = AppIcon;
				ASSETCATALOG_COMPILER_GLOBAL_ACCENT_COLOR_NAME = AccentColor;
				CODE_SIGN_ENTITLEMENTS = NASATiles/NASATiles.entitlements;
				CODE_SIGN_STYLE = Automatic;
				COMBINE_HIDPI_IMAGES = YES;
				DEVELOPMENT_TEAM = 4BB235M4GL;
				ENABLE_HARDENED_RUNTIME = YES;
				INFOPLIST_FILE = NASATiles/Info.plist;
				LD_RUNPATH_SEARCH_PATHS = (
					"$(inherited)",
					"@executable_path/../Frameworks",
				);
				PRODUCT_BUNDLE_IDENTIFIER = Irorio.NASATiles;
				PRODUCT_NAME = "$(TARGET_NAME)";
				SWIFT_VERSION = 5.0;
			};
			name = Debug;
		};
		171461E524C6D4D6005F1702 /* Release */ = {
			isa = XCBuildConfiguration;
			buildSettings = {
				ASSETCATALOG_COMPILER_APPICON_NAME = AppIcon;
				ASSETCATALOG_COMPILER_GLOBAL_ACCENT_COLOR_NAME = AccentColor;
				CODE_SIGN_ENTITLEMENTS = NASATiles/NASATiles.entitlements;
				CODE_SIGN_STYLE = Automatic;
				COMBINE_HIDPI_IMAGES = YES;
				DEVELOPMENT_TEAM = 4BB235M4GL;
				ENABLE_HARDENED_RUNTIME = YES;
				INFOPLIST_FILE = NASATiles/Info.plist;
				LD_RUNPATH_SEARCH_PATHS = (
					"$(inherited)",
					"@executable_path/../Frameworks",
				);
				PRODUCT_BUNDLE_IDENTIFIER = Irorio.NASATiles;
				PRODUCT_NAME = "$(TARGET_NAME)";
				SWIFT_VERSION = 5.0;
			};
			name = Release;
		};
/* End XCBuildConfiguration section */

/* Begin XCConfigurationList section */
		171461B824C6D4D3005F1702 /* Build configuration list for PBXProject "NASATiles" */ = {
			isa = XCConfigurationList;
			buildConfigurations = (
				171461E124C6D4D6005F1702 /* Debug */,
				171461E224C6D4D6005F1702 /* Release */,
			);
			defaultConfigurationIsVisible = 0;
			defaultConfigurationName = Release;
		};
		171461E324C6D4D6005F1702 /* Build configuration list for PBXNativeTarget "NASATiles" */ = {
			isa = XCConfigurationList;
			buildConfigurations = (
				171461E424C6D4D6005F1702 /* Debug */,
				171461E524C6D4D6005F1702 /* Release */,
			);
			defaultConfigurationIsVisible = 0;
			defaultConfigurationName = Release;
		};
/* End XCConfigurationList section */
	};
	rootObject = 171461B524C6D4D3005F1702 /* Project object */;
}
